
Microsoft Visual Studio Solution File, Format Version 12.00
# Visual Studio Version 17
VisualStudioVersion = 17.10.35013.160
MinimumVisualStudioVersion = 10.0.40219.1
Project("{FAE04EC0-301F-11D3-BF4B-00C04F79EFBC}") = "TaskDay08", "TaskDay08\TaskDay08.csproj", "{4649E6C0-B4AE-4988-B4FD-D30446A25D68}"
EndProject
Global
	GlobalSection(SolutionConfigurationPlatforms) = preSolution
		Debug|Any CPU = Debug|Any CPU
		Release|Any CPU = Release|Any CPU
	EndGlobalSection
	GlobalSection(ProjectConfigurationPlatforms) = postSolution
		{4649E6C0-B4AE-4988-B4FD-D30446A25D68}.Debug|Any CPU.ActiveCfg = Debug|Any CPU
		{4649E6C0-B4AE-4988-B4FD-D30446A25D68}.Debug|Any CPU.Build.0 = Debug|Any CPU
		{4649E6C0-B4AE-4988-B4FD-D30446A25D68}.Release|Any CPU.ActiveCfg = Release|Any CPU
		{4649E6C0-B4AE-4988-B4FD-D30446A25D68}.Release|Any CPU.Build.0 = Release|Any CPU
	EndGlobalSection
	GlobalSection(SolutionProperties) = preSolution
		HideSolutionNode = FALSE
	EndGlobalSection
	GlobalSection(ExtensibilityGlobals) = postSolution
		SolutionGuid = {182BAEF8-1323-4C01-983D-69EA90BAFB84}
	EndGlobalSection
EndGlobal
