
Microsoft Visual Studio Solution File, Format Version 12.00
# Visual Studio Version 17
VisualStudioVersion = 17.10.35013.160
MinimumVisualStudioVersion = 10.0.40219.1
Project("{FAE04EC0-301F-11D3-BF4B-00C04F79EFBC}") = "TaskDay05", "TaskDay05\TaskDay05.csproj", "{2081F478-A868-4FE2-8A1D-6426A350D838}"
EndProject
Global
	GlobalSection(SolutionConfigurationPlatforms) = preSolution
		Debug|Any CPU = Debug|Any CPU
		Release|Any CPU = Release|Any CPU
	EndGlobalSection
	GlobalSection(ProjectConfigurationPlatforms) = postSolution
		{2081F478-A868-4FE2-8A1D-6426A350D838}.Debug|Any CPU.ActiveCfg = Debug|Any CPU
		{2081F478-A868-4FE2-8A1D-6426A350D838}.Debug|Any CPU.Build.0 = Debug|Any CPU
		{2081F478-A868-4FE2-8A1D-6426A350D838}.Release|Any CPU.ActiveCfg = Release|Any CPU
		{2081F478-A868-4FE2-8A1D-6426A350D838}.Release|Any CPU.Build.0 = Release|Any CPU
	EndGlobalSection
	GlobalSection(SolutionProperties) = preSolution
		HideSolutionNode = FALSE
	EndGlobalSection
	GlobalSection(ExtensibilityGlobals) = postSolution
		SolutionGuid = {443FE9D7-B25E-4590-9ECF-33E62381BAD0}
	EndGlobalSection
EndGlobal
