
Microsoft Visual Studio Solution File, Format Version 12.00
# Visual Studio Version 17
VisualStudioVersion = 17.10.35013.160
MinimumVisualStudioVersion = 10.0.40219.1
Project("{FAE04EC0-301F-11D3-BF4B-00C04F79EFBC}") = "TaskDay02EF", "TaskDay02EF\TaskDay02EF.csproj", "{99A38136-0167-4641-B484-1DFBFF639FBB}"
EndProject
Global
	GlobalSection(SolutionConfigurationPlatforms) = preSolution
		Debug|Any CPU = Debug|Any CPU
		Release|Any CPU = Release|Any CPU
	EndGlobalSection
	GlobalSection(ProjectConfigurationPlatforms) = postSolution
		{99A38136-0167-4641-B484-1DFBFF639FBB}.Debug|Any CPU.ActiveCfg = Debug|Any CPU
		{99A38136-0167-4641-B484-1DFBFF639FBB}.Debug|Any CPU.Build.0 = Debug|Any CPU
		{99A38136-0167-4641-B484-1DFBFF639FBB}.Release|Any CPU.ActiveCfg = Release|Any CPU
		{99A38136-0167-4641-B484-1DFBFF639FBB}.Release|Any CPU.Build.0 = Release|Any CPU
	EndGlobalSection
	GlobalSection(SolutionProperties) = preSolution
		HideSolutionNode = FALSE
	EndGlobalSection
	GlobalSection(ExtensibilityGlobals) = postSolution
		SolutionGuid = {67A2B0B4-C491-4A89-8BE9-9B28C3D62133}
	EndGlobalSection
EndGlobal
