
Microsoft Visual Studio Solution File, Format Version 12.00
# Visual Studio Version 17
VisualStudioVersion = 17.10.35013.160
MinimumVisualStudioVersion = 10.0.40219.1
Project("{FAE04EC0-301F-11D3-BF4B-00C04F79EFBC}") = "TaskDay10", "TaskDay10\TaskDay10.csproj", "{5F240348-3F34-4967-9995-82BDA9CEE59C}"
EndProject
Global
	GlobalSection(SolutionConfigurationPlatforms) = preSolution
		Debug|Any CPU = Debug|Any CPU
		Release|Any CPU = Release|Any CPU
	EndGlobalSection
	GlobalSection(ProjectConfigurationPlatforms) = postSolution
		{5F240348-3F34-4967-9995-82BDA9CEE59C}.Debug|Any CPU.ActiveCfg = Debug|Any CPU
		{5F240348-3F34-4967-9995-82BDA9CEE59C}.Debug|Any CPU.Build.0 = Debug|Any CPU
		{5F240348-3F34-4967-9995-82BDA9CEE59C}.Release|Any CPU.ActiveCfg = Release|Any CPU
		{5F240348-3F34-4967-9995-82BDA9CEE59C}.Release|Any CPU.Build.0 = Release|Any CPU
	EndGlobalSection
	GlobalSection(SolutionProperties) = preSolution
		HideSolutionNode = FALSE
	EndGlobalSection
	GlobalSection(ExtensibilityGlobals) = postSolution
		SolutionGuid = {0ACA2EE2-1977-4210-BF65-8A474EEF41CE}
	EndGlobalSection
EndGlobal
