
Microsoft Visual Studio Solution File, Format Version 12.00
# Visual Studio Version 17
VisualStudioVersion = 17.10.35013.160
MinimumVisualStudioVersion = 10.0.40219.1
Project("{FAE04EC0-301F-11D3-BF4B-00C04F79EFBC}") = "TaskDay04EF", "TaskDay04EF\TaskDay04EF.csproj", "{DBD9B304-4275-4E96-8A24-D4542EA126A2}"
EndProject
Global
	GlobalSection(SolutionConfigurationPlatforms) = preSolution
		Debug|Any CPU = Debug|Any CPU
		Release|Any CPU = Release|Any CPU
	EndGlobalSection
	GlobalSection(ProjectConfigurationPlatforms) = postSolution
		{DBD9B304-4275-4E96-8A24-D4542EA126A2}.Debug|Any CPU.ActiveCfg = Debug|Any CPU
		{DBD9B304-4275-4E96-8A24-D4542EA126A2}.Debug|Any CPU.Build.0 = Debug|Any CPU
		{DBD9B304-4275-4E96-8A24-D4542EA126A2}.Release|Any CPU.ActiveCfg = Release|Any CPU
		{DBD9B304-4275-4E96-8A24-D4542EA126A2}.Release|Any CPU.Build.0 = Release|Any CPU
	EndGlobalSection
	GlobalSection(SolutionProperties) = preSolution
		HideSolutionNode = FALSE
	EndGlobalSection
	GlobalSection(ExtensibilityGlobals) = postSolution
		SolutionGuid = {802401CD-7E03-421B-AD31-F485AFC18E26}
	EndGlobalSection
EndGlobal
